
Microsoft Visual Studio Solution File, Format Version 12.00
# Visual Studio 14
VisualStudioVersion = 14.0.25420.1
MinimumVisualStudioVersion = 10.0.40219.1
Project("{8BC9CEB8-8B4A-11D0-8D11-00A0C91BC942}") = "SearchService", "SearchService\SearchService.vcxproj", "{CDD42AAB-3032-4CE9-AF0F-BE5C28D37184}"
EndProject
Project("{8BC9CEB8-8B4A-11D0-8D11-00A0C91BC942}") = "SearchClient", "SearchClient\SearchClient.vcxproj", "{74CE9B8A-B8B4-4B2C-A75B-348472607817}"
EndProject
Project("{8BC9CEB8-8B4A-11D0-8D11-00A0C91BC942}") = "SearchStopper", "SearchStopper\SearchStopper.vcxproj", "{D22F5DA9-BB91-4A99-BBF5-F6FED1257C2A}"
EndProject
Project("{8BC9CEB8-8B4A-11D0-8D11-00A0C91BC942}") = "SearchServerOneThread", "SearchServerOneThread\SearchServerOneThread.vcxproj", "{758C7027-B500-469A-AEF2-BCCAA47C2AE1}"
EndProject
Project("{8BC9CEB8-8B4A-11D0-8D11-00A0C91BC942}") = "WindowsThreads", "WindowsThreads\WindowsThreads.vcxproj", "{68E94683-8870-4B70-9F3B-0AB9D4285347}"
EndProject
Global
	GlobalSection(SolutionConfigurationPlatforms) = preSolution
		Debug|Any CPU = Debug|Any CPU
		Debug|Mixed Platforms = Debug|Mixed Platforms
		Debug|Win32 = Debug|Win32
		Debug|x64 = Debug|x64
		Release|Any CPU = Release|Any CPU
		Release|Mixed Platforms = Release|Mixed Platforms
		Release|Win32 = Release|Win32
		Release|x64 = Release|x64
	EndGlobalSection
	GlobalSection(ProjectConfigurationPlatforms) = postSolution
		{CDD42AAB-3032-4CE9-AF0F-BE5C28D37184}.Debug|Any CPU.ActiveCfg = Debug|Win32
		{CDD42AAB-3032-4CE9-AF0F-BE5C28D37184}.Debug|Mixed Platforms.ActiveCfg = Debug|Win32
		{CDD42AAB-3032-4CE9-AF0F-BE5C28D37184}.Debug|Mixed Platforms.Build.0 = Debug|Win32
		{CDD42AAB-3032-4CE9-AF0F-BE5C28D37184}.Debug|Win32.ActiveCfg = Debug|Win32
		{CDD42AAB-3032-4CE9-AF0F-BE5C28D37184}.Debug|Win32.Build.0 = Debug|Win32
		{CDD42AAB-3032-4CE9-AF0F-BE5C28D37184}.Debug|x64.ActiveCfg = Debug|Win32
		{CDD42AAB-3032-4CE9-AF0F-BE5C28D37184}.Release|Any CPU.ActiveCfg = Release|Win32
		{CDD42AAB-3032-4CE9-AF0F-BE5C28D37184}.Release|Mixed Platforms.ActiveCfg = Release|Win32
		{CDD42AAB-3032-4CE9-AF0F-BE5C28D37184}.Release|Mixed Platforms.Build.0 = Release|Win32
		{CDD42AAB-3032-4CE9-AF0F-BE5C28D37184}.Release|Win32.ActiveCfg = Release|Win32
		{CDD42AAB-3032-4CE9-AF0F-BE5C28D37184}.Release|Win32.Build.0 = Release|Win32
		{CDD42AAB-3032-4CE9-AF0F-BE5C28D37184}.Release|x64.ActiveCfg = Release|Win32
		{74CE9B8A-B8B4-4B2C-A75B-348472607817}.Debug|Any CPU.ActiveCfg = Debug|Win32
		{74CE9B8A-B8B4-4B2C-A75B-348472607817}.Debug|Mixed Platforms.ActiveCfg = Debug|Win32
		{74CE9B8A-B8B4-4B2C-A75B-348472607817}.Debug|Mixed Platforms.Build.0 = Debug|Win32
		{74CE9B8A-B8B4-4B2C-A75B-348472607817}.Debug|Win32.ActiveCfg = Debug|Win32
		{74CE9B8A-B8B4-4B2C-A75B-348472607817}.Debug|Win32.Build.0 = Debug|Win32
		{74CE9B8A-B8B4-4B2C-A75B-348472607817}.Debug|x64.ActiveCfg = Debug|Win32
		{74CE9B8A-B8B4-4B2C-A75B-348472607817}.Release|Any CPU.ActiveCfg = Release|Win32
		{74CE9B8A-B8B4-4B2C-A75B-348472607817}.Release|Mixed Platforms.ActiveCfg = Release|Win32
		{74CE9B8A-B8B4-4B2C-A75B-348472607817}.Release|Mixed Platforms.Build.0 = Release|Win32
		{74CE9B8A-B8B4-4B2C-A75B-348472607817}.Release|Win32.ActiveCfg = Release|Win32
		{74CE9B8A-B8B4-4B2C-A75B-348472607817}.Release|Win32.Build.0 = Release|Win32
		{74CE9B8A-B8B4-4B2C-A75B-348472607817}.Release|x64.ActiveCfg = Release|Win32
		{D22F5DA9-BB91-4A99-BBF5-F6FED1257C2A}.Debug|Any CPU.ActiveCfg = Debug|Win32
		{D22F5DA9-BB91-4A99-BBF5-F6FED1257C2A}.Debug|Mixed Platforms.ActiveCfg = Debug|Win32
		{D22F5DA9-BB91-4A99-BBF5-F6FED1257C2A}.Debug|Mixed Platforms.Build.0 = Debug|Win32
		{D22F5DA9-BB91-4A99-BBF5-F6FED1257C2A}.Debug|Win32.ActiveCfg = Debug|Win32
		{D22F5DA9-BB91-4A99-BBF5-F6FED1257C2A}.Debug|Win32.Build.0 = Debug|Win32
		{D22F5DA9-BB91-4A99-BBF5-F6FED1257C2A}.Debug|x64.ActiveCfg = Debug|Win32
		{D22F5DA9-BB91-4A99-BBF5-F6FED1257C2A}.Release|Any CPU.ActiveCfg = Release|Win32
		{D22F5DA9-BB91-4A99-BBF5-F6FED1257C2A}.Release|Mixed Platforms.ActiveCfg = Release|Win32
		{D22F5DA9-BB91-4A99-BBF5-F6FED1257C2A}.Release|Mixed Platforms.Build.0 = Release|Win32
		{D22F5DA9-BB91-4A99-BBF5-F6FED1257C2A}.Release|Win32.ActiveCfg = Release|Win32
		{D22F5DA9-BB91-4A99-BBF5-F6FED1257C2A}.Release|Win32.Build.0 = Release|Win32
		{D22F5DA9-BB91-4A99-BBF5-F6FED1257C2A}.Release|x64.ActiveCfg = Release|Win32
		{758C7027-B500-469A-AEF2-BCCAA47C2AE1}.Debug|Any CPU.ActiveCfg = Debug|Win32
		{758C7027-B500-469A-AEF2-BCCAA47C2AE1}.Debug|Mixed Platforms.ActiveCfg = Debug|Win32
		{758C7027-B500-469A-AEF2-BCCAA47C2AE1}.Debug|Mixed Platforms.Build.0 = Debug|Win32
		{758C7027-B500-469A-AEF2-BCCAA47C2AE1}.Debug|Win32.ActiveCfg = Debug|Win32
		{758C7027-B500-469A-AEF2-BCCAA47C2AE1}.Debug|Win32.Build.0 = Debug|Win32
		{758C7027-B500-469A-AEF2-BCCAA47C2AE1}.Debug|x64.ActiveCfg = Debug|Win32
		{758C7027-B500-469A-AEF2-BCCAA47C2AE1}.Release|Any CPU.ActiveCfg = Release|Win32
		{758C7027-B500-469A-AEF2-BCCAA47C2AE1}.Release|Mixed Platforms.ActiveCfg = Release|Win32
		{758C7027-B500-469A-AEF2-BCCAA47C2AE1}.Release|Mixed Platforms.Build.0 = Release|Win32
		{758C7027-B500-469A-AEF2-BCCAA47C2AE1}.Release|Win32.ActiveCfg = Release|Win32
		{758C7027-B500-469A-AEF2-BCCAA47C2AE1}.Release|Win32.Build.0 = Release|Win32
		{758C7027-B500-469A-AEF2-BCCAA47C2AE1}.Release|x64.ActiveCfg = Release|Win32
		{68E94683-8870-4B70-9F3B-0AB9D4285347}.Debug|Any CPU.ActiveCfg = Debug|Win32
		{68E94683-8870-4B70-9F3B-0AB9D4285347}.Debug|Mixed Platforms.ActiveCfg = Debug|Win32
		{68E94683-8870-4B70-9F3B-0AB9D4285347}.Debug|Mixed Platforms.Build.0 = Debug|Win32
		{68E94683-8870-4B70-9F3B-0AB9D4285347}.Debug|Win32.ActiveCfg = Debug|Win32
		{68E94683-8870-4B70-9F3B-0AB9D4285347}.Debug|Win32.Build.0 = Debug|Win32
		{68E94683-8870-4B70-9F3B-0AB9D4285347}.Debug|x64.ActiveCfg = Debug|x64
		{68E94683-8870-4B70-9F3B-0AB9D4285347}.Debug|x64.Build.0 = Debug|x64
		{68E94683-8870-4B70-9F3B-0AB9D4285347}.Release|Any CPU.ActiveCfg = Release|Win32
		{68E94683-8870-4B70-9F3B-0AB9D4285347}.Release|Mixed Platforms.ActiveCfg = Release|Win32
		{68E94683-8870-4B70-9F3B-0AB9D4285347}.Release|Mixed Platforms.Build.0 = Release|Win32
		{68E94683-8870-4B70-9F3B-0AB9D4285347}.Release|Win32.ActiveCfg = Release|Win32
		{68E94683-8870-4B70-9F3B-0AB9D4285347}.Release|Win32.Build.0 = Release|Win32
		{68E94683-8870-4B70-9F3B-0AB9D4285347}.Release|x64.ActiveCfg = Release|x64
		{68E94683-8870-4B70-9F3B-0AB9D4285347}.Release|x64.Build.0 = Release|x64
	EndGlobalSection
	GlobalSection(SolutionProperties) = preSolution
		HideSolutionNode = FALSE
	EndGlobalSection
EndGlobal
